
Microsoft Visual Studio Solution File, Format Version 12.00
# Visual Studio Version 17
VisualStudioVersion = 17.0.32002.185
MinimumVisualStudioVersion = 10.0.40219.1
Project("{9A19103F-16F7-4668-BE54-9A1E7A4F7556}") = "DanceInfoPlusCoreLatest", "DanceInfoPlusCoreLatest\DanceInfoPlusCoreLatest.csproj", "{BFC781C6-04D8-4B3E-95CB-84CC6C4EA89D}"
EndProject
Project("{9A19103F-16F7-4668-BE54-9A1E7A4F7556}") = "DanceInfoPlus.Stripe", "DanceInfoPlus.Stripe\DanceInfoPlus.Stripe.csproj", "{D3A4CEEE-F362-4F6C-B9D1-BEC8CDB13E37}"
EndProject
Project("{FAE04EC0-301F-11D3-BF4B-00C04F79EFBC}") = "CodeTests", "CodeTests\CodeTests.csproj", "{0195F494-72C5-4C8B-8128-94C7A31513CE}"
EndProject
Global
	GlobalSection(SolutionConfigurationPlatforms) = preSolution
		Debug|Any CPU = Debug|Any CPU
		Release|Any CPU = Release|Any CPU
	EndGlobalSection
	GlobalSection(ProjectConfigurationPlatforms) = postSolution
		{BFC781C6-04D8-4B3E-95CB-84CC6C4EA89D}.Debug|Any CPU.ActiveCfg = Debug|Any CPU
		{BFC781C6-04D8-4B3E-95CB-84CC6C4EA89D}.Debug|Any CPU.Build.0 = Debug|Any CPU
		{BFC781C6-04D8-4B3E-95CB-84CC6C4EA89D}.Release|Any CPU.ActiveCfg = Release|Any CPU
		{BFC781C6-04D8-4B3E-95CB-84CC6C4EA89D}.Release|Any CPU.Build.0 = Release|Any CPU
		{D3A4CEEE-F362-4F6C-B9D1-BEC8CDB13E37}.Debug|Any CPU.ActiveCfg = Debug|Any CPU
		{D3A4CEEE-F362-4F6C-B9D1-BEC8CDB13E37}.Debug|Any CPU.Build.0 = Debug|Any CPU
		{D3A4CEEE-F362-4F6C-B9D1-BEC8CDB13E37}.Release|Any CPU.ActiveCfg = Release|Any CPU
		{D3A4CEEE-F362-4F6C-B9D1-BEC8CDB13E37}.Release|Any CPU.Build.0 = Release|Any CPU
		{0195F494-72C5-4C8B-8128-94C7A31513CE}.Debug|Any CPU.ActiveCfg = Debug|Any CPU
		{0195F494-72C5-4C8B-8128-94C7A31513CE}.Debug|Any CPU.Build.0 = Debug|Any CPU
		{0195F494-72C5-4C8B-8128-94C7A31513CE}.Release|Any CPU.ActiveCfg = Release|Any CPU
		{0195F494-72C5-4C8B-8128-94C7A31513CE}.Release|Any CPU.Build.0 = Release|Any CPU
	EndGlobalSection
	GlobalSection(SolutionProperties) = preSolution
		HideSolutionNode = FALSE
	EndGlobalSection
	GlobalSection(ExtensibilityGlobals) = postSolution
		SolutionGuid = {C1ADB365-9D7E-49EF-B2AC-FFADAA0948FF}
	EndGlobalSection
EndGlobal
